{
  "name": "hap-nodejs",
  "version": "0.4.32",
  "lockfileVersion": 1,
  "requires": true,
  "dependencies": {
    "big-integer": {
      "version": "1.6.51",
      "resolved": "https://registry.npmjs.org/big-integer/-/big-integer-1.6.51.tgz",
      "integrity": "sha512-GPEid2Y9QU1Exl1rpO9B2IPJGHPSupF5GnVIP0blYvNOMer2bTvSWs1jGOUg04hTmu67nmLsQ9TBo1puaotBHg==",
      "dev": true
    },
    "buffer-shims": {
      "version": "1.0.0",
      "resolved": "https://registry.npmjs.org/buffer-shims/-/buffer-shims-1.0.0.tgz",
      "integrity": "sha1-mXjOMXOIxkmth5MCjDR37wRKi1E="
    },
    "curve25519-n2": {
      "version": "1.1.3",
      "resolved": "https://registry.npmjs.org/curve25519-n2/-/curve25519-n2-1.1.3.tgz",
      "integrity": "sha1-TLBYjs+327wL+zLQoARjKW7m7+I="
    },
    "debug": {
      "version": "2.6.8",
      "resolved": "https://registry.npmjs.org/debug/-/debug-2.6.8.tgz",
      "integrity": "sha1-5zFTHKLt4n0YgiJCfaF4IdaP9Pw="
    },
    "decimal.js": {
      "version": "7.2.3",
      "resolved": "https://registry.npmjs.org/decimal.js/-/decimal.js-7.2.3.tgz",
      "integrity": "sha512-AoFI37QS0S87Ft0r3Bdz4q9xSpm1Paa9lSeKLXgMPk/u/+QPIM5Gy4DHcZQS1seqPJH4gHLauPGn347z0HbsrA=="
    },
    "ed25519": {
      "version": "0.0.4",
      "resolved": "https://registry.npmjs.org/ed25519/-/ed25519-0.0.4.tgz",
      "integrity": "sha1-5WIYrOL8kD0llZOu8LKpY59HW+s="
    },
    "fast-srp-hap": {
      "version": "1.0.1",
      "resolved": "https://registry.npmjs.org/fast-srp-hap/-/fast-srp-hap-1.0.1.tgz",
      "integrity": "sha1-N3Ek0Za8alFXquWze/X6NbtK0tk="
    },
    "ip": {
      "version": "1.1.5",
      "resolved": "https://registry.npmjs.org/ip/-/ip-1.1.5.tgz",
      "integrity": "sha1-vd7XARQpCCjAoDnnLvJfWq7ENUo="
    },
    "mdns": {
      "version": "2.3.3",
      "resolved": "https://registry.npmjs.org/mdns/-/mdns-2.3.3.tgz",
      "integrity": "sha1-u8atVAeiMBM9YuDaaS8p8L1Jco4=",
      "dependencies": {
        "nan": {
          "version": "2.3.5",
          "resolved": "https://registry.npmjs.org/nan/-/nan-2.3.5.tgz",
          "integrity": "sha1-gioNwmYpDOTNOhIoLKPn42Rmigg="
        }
      }
    },
    "node-persist": {
      "version": "0.0.11",
      "resolved": "https://registry.npmjs.org/node-persist/-/node-persist-0.0.11.tgz",
      "integrity": "sha1-1m66Pr72IPB5Uw+nsTB2qQZmWHQ="
    },
    "simple-plist": {
      "version": "1.3.1",
      "resolved": "https://registry.npmjs.org/simple-plist/-/simple-plist-1.3.1.tgz",
      "integrity": "sha512-iMSw5i0XseMnrhtIzRb7XpQEXepa9xhWxGUojHBL43SIpQuDQkh3Wpy67ZbDzZVr6EKxvwVChnVpdl8hEVLDiw==",
      "dev": true,
      "requires": {
        "bplist-creator": "0.1.0",
        "bplist-parser": "0.3.1",
        "plist": "^3.0.5"
      },
      "dependencies": {
        "base64-js": {
          "version": "1.5.1",
          "resolved": "https://registry.npmjs.org/base64-js/-/base64-js-1.5.1.tgz",
          "integrity": "sha512-AKpaYlHn8t4SVbOHCy+b5+KKgvR4vrsD8vbvrbiQJps7fKDTkjkDry6ji0rUJjC0kzbNePLwzxq8iypo41qeWA==",
          "dev": true
        },
        "bplist-creator": {
          "version": "0.1.0",
          "resolved": "https://registry.npmjs.org/bplist-creator/-/bplist-creator-0.1.0.tgz",
          "integrity": "sha512-sXaHZicyEEmY86WyueLTQesbeoH/mquvarJaQNbjuOQO+7gbFcDEWqKmcWA4cOTLzFlfgvkiVxolk1k5bBIpmg==",
          "dev": true,
          "requires": {
            "stream-buffers": "2.2.x"
          }
        },
        "bplist-parser": {
          "version": "0.3.1",
          "resolved": "https://registry.npmjs.org/bplist-parser/-/bplist-parser-0.3.1.tgz",
          "integrity": "sha512-PyJxiNtA5T2PlLIeBot4lbp7rj4OadzjnMZD/G5zuBNt8ei/yCU7+wW0h2bag9vr8c+/WuRWmSxbqAl9hL1rBA==",
          "dev": true,
          "requires": {
            "big-integer": "1.6.x"
          }
        },
        "plist": {
          "version": "3.0.5",
          "resolved": "https://registry.npmjs.org/plist/-/plist-3.0.5.tgz",
          "integrity": "sha512-83vX4eYdQp3vP9SxuYgEM/G/pJQqLUz/V/xzPrzruLs7fz7jxGQ1msZ/mg1nwZxUSuOp4sb+/bEIbRrbzZRxDA==",
          "dev": true,
          "requires": {
            "base64-js": "^1.5.1",
            "xmlbuilder": "^9.0.7"
          }
        },
        "stream-buffers": {
          "version": "2.2.0",
          "resolved": "https://registry.npmjs.org/stream-buffers/-/stream-buffers-2.2.0.tgz",
          "integrity": "sha1-kdX1Ew0c75bc+n9yaUUYh0HQnuQ=",
          "dev": true
        },
        "xmlbuilder": {
          "version": "9.0.7",
          "resolved": "https://registry.npmjs.org/xmlbuilder/-/xmlbuilder-9.0.7.tgz",
          "integrity": "sha1-Ey7mPS7FVlxVfiD0wi35rKaGsQ0=",
          "dev": true
        }
      }
    }
  }
}
